
Microsoft Visual Studio Solution File, Format Version 9.00
# Visual Studio 2005
Project("{FAE04EC0-301F-11D3-BF4B-00C04F79EFBC}") = "midiManager V1.2", "midiManager V1.2.csproj", "{0E168E48-48F3-46AB-9668-F3A454864867}"
EndProject
Global
	GlobalSection(SolutionConfigurationPlatforms) = preSolution
		Debug|Any CPU = Debug|Any CPU
		Release|Any CPU = Release|Any CPU
	EndGlobalSection
	GlobalSection(ProjectConfigurationPlatforms) = postSolution
		{0E168E48-48F3-46AB-9668-F3A454864867}.Debug|Any CPU.ActiveCfg = Debug|Any CPU
		{0E168E48-48F3-46AB-9668-F3A454864867}.Debug|Any CPU.Build.0 = Debug|Any CPU
		{0E168E48-48F3-46AB-9668-F3A454864867}.Release|Any CPU.ActiveCfg = Release|Any CPU
		{0E168E48-48F3-46AB-9668-F3A454864867}.Release|Any CPU.Build.0 = Release|Any CPU
	EndGlobalSection
	GlobalSection(SolutionProperties) = preSolution
		HideSolutionNode = FALSE
	EndGlobalSection
EndGlobal
